// !$*UTF8*$!
{
	archiveVersion = 1;
	classes = {
	};
	objectVersion = 50;
	objects = {

/* Begin PBXBuildFile section */
		A51B25A026E2E78D00B6B89E /* AppDelegate.swift in Sources */ = {isa = PBXBuildFile; fileRef = A51B259F26E2E78D00B6B89E /* AppDelegate.swift */; };
		A51B25A226E2E78D00B6B89E /* GameScene.sks in Resources */ = {isa = PBXBuildFile; fileRef = A51B25A126E2E78D00B6B89E /* GameScene.sks */; };
		A51B25A626E2E78D00B6B89E /* GameScene.swift in Sources */ = {isa = PBXBuildFile; fileRef = A51B25A526E2E78D00B6B89E /* GameScene.swift */; };
		A51B25A826E2E78D00B6B89E /* GameViewController.swift in Sources */ = {isa = PBXBuildFile; fileRef = A51B25A726E2E78D00B6B89E /* GameViewController.swift */; };
		A51B25AB26E2E78D00B6B89E /* Main.storyboard in Resources */ = {isa = PBXBuildFile; fileRef = A51B25A926E2E78D00B6B89E /* Main.storyboard */; };
		A51B25AD26E2E78E00B6B89E /* Assets.xcassets in Resources */ = {isa = PBXBuildFile; fileRef = A51B25AC26E2E78E00B6B89E /* Assets.xcassets */; };
		A51B25B526E2EBBC00B6B89E /* Target.swift in Sources */ = {isa = PBXBuildFile; fileRef = A51B25B426E2EBBC00B6B89E /* Target.swift */; };
		A51B25B726E2EDA700B6B89E /* fire.sks in Resources */ = {isa = PBXBuildFile; fileRef = A51B25B626E2EDA700B6B89E /* fire.sks */; };
		A51B25B926E2FB0800B6B89E /* gun.mp3 in Resources */ = {isa = PBXBuildFile; fileRef = A51B25B826E2FB0800B6B89E /* gun.mp3 */; };
		A598D195270A61750014B732 /* gameOver.m4a in Resources */ = {isa = PBXBuildFile; fileRef = A598D194270A61750014B732 /* gameOver.m4a */; };
		A5C08AF326E5B0E600FE8C80 /* reload.mp3 in Resources */ = {isa = PBXBuildFile; fileRef = A5C08AF226E5B0E600FE8C80 /* reload.mp3 */; };
/* End PBXBuildFile section */

/* Begin PBXFileReference section */
		A51B259C26E2E78D00B6B89E /* shooting.app */ = {isa = PBXFileReference; explicitFileType = wrapper.application; includeInIndex = 0; path = shooting.app; sourceTree = BUILT_PRODUCTS_DIR; };
		A51B259F26E2E78D00B6B89E /* AppDelegate.swift */ = {isa = PBXFileReference; lastKnownFileType = sourcecode.swift; path = AppDelegate.swift; sourceTree = "<group>"; };
		A51B25A126E2E78D00B6B89E /* GameScene.sks */ = {isa = PBXFileReference; lastKnownFileType = file.sks; path = GameScene.sks; sourceTree = "<group>"; };
		A51B25A526E2E78D00B6B89E /* GameScene.swift */ = {isa = PBXFileReference; lastKnownFileType = sourcecode.swift; path = GameScene.swift; sourceTree = "<group>"; };
		A51B25A726E2E78D00B6B89E /* GameViewController.swift */ = {isa = PBXFileReference; lastKnownFileType = sourcecode.swift; path = GameViewController.swift; sourceTree = "<group>"; };
		A51B25AA26E2E78D00B6B89E /* Base */ = {isa = PBXFileReference; lastKnownFileType = file.storyboard; name = Base; path = Base.lproj/Main.storyboard; sourceTree = "<group>"; };
		A51B25AC26E2E78E00B6B89E /* Assets.xcassets */ = {isa = PBXFileReference; lastKnownFileType = folder.assetcatalog; path = Assets.xcassets; sourceTree = "<group>"; };
		A51B25AE26E2E78E00B6B89E /* Info.plist */ = {isa = PBXFileReference; lastKnownFileType = text.plist.xml; path = Info.plist; sourceTree = "<group>"; };
		A51B25B426E2EBBC00B6B89E /* Target.swift */ = {isa = PBXFileReference; lastKnownFileType = sourcecode.swift; path = Target.swift; sourceTree = "<group>"; };
		A51B25B626E2EDA700B6B89E /* fire.sks */ = {isa = PBXFileReference; lastKnownFileType = file.sks; path = fire.sks; sourceTree = "<group>"; };
		A51B25B826E2FB0800B6B89E /* gun.mp3 */ = {isa = PBXFileReference; lastKnownFileType = audio.mp3; path = gun.mp3; sourceTree = "<group>"; };
		A598D194270A61750014B732 /* gameOver.m4a */ = {isa = PBXFileReference; lastKnownFileType = file; path = gameOver.m4a; sourceTree = "<group>"; };
		A5C08AF226E5B0E600FE8C80 /* reload.mp3 */ = {isa = PBXFileReference; lastKnownFileType = audio.mp3; path = reload.mp3; sourceTree = "<group>"; };
/* End PBXFileReference section */

/* Begin PBXFrameworksBuildPhase section */
		A51B259926E2E78D00B6B89E /* Frameworks */ = {
			isa = PBXFrameworksBuildPhase;
			buildActionMask = 2147483647;
			files = (
			);
			runOnlyForDeploymentPostprocessing = 0;
		};
/* End PBXFrameworksBuildPhase section */

/* Begin PBXGroup section */
		A51B259326E2E78D00B6B89E = {
			isa = PBXGroup;
			children = (
				A51B259E26E2E78D00B6B89E /* shooting */,
				A51B259D26E2E78D00B6B89E /* Products */,
			);
			sourceTree = "<group>";
		};
		A51B259D26E2E78D00B6B89E /* Products */ = {
			isa = PBXGroup;
			children = (
				A51B259C26E2E78D00B6B89E /* shooting.app */,
			);
			name = Products;
			sourceTree = "<group>";
		};
		A51B259E26E2E78D00B6B89E /* shooting */ = {
			isa = PBXGroup;
			children = (
				A51B259F26E2E78D00B6B89E /* AppDelegate.swift */,
				A51B25A126E2E78D00B6B89E /* GameScene.sks */,
				A51B25A526E2E78D00B6B89E /* GameScene.swift */,
				A51B25B426E2EBBC00B6B89E /* Target.swift */,
				A51B25B626E2EDA700B6B89E /* fire.sks */,
				A51B25A726E2E78D00B6B89E /* GameViewController.swift */,
				A51B25A926E2E78D00B6B89E /* Main.storyboard */,
				A51B25AC26E2E78E00B6B89E /* Assets.xcassets */,
				A51B25AE26E2E78E00B6B89E /* Info.plist */,
				A51B25B826E2FB0800B6B89E /* gun.mp3 */,
				A5C08AF226E5B0E600FE8C80 /* reload.mp3 */,
				A598D194270A61750014B732 /* gameOver.m4a */,
			);
			path = shooting;
			sourceTree = "<group>";
		};
/* End PBXGroup section */

/* Begin PBXNativeTarget section */
		A51B259B26E2E78D00B6B89E /* shooting */ = {
			isa = PBXNativeTarget;
			buildConfigurationList = A51B25B126E2E78E00B6B89E /* Build configuration list for PBXNativeTarget "shooting" */;
			buildPhases = (
				A51B259826E2E78D00B6B89E /* Sources */,
				A51B259926E2E78D00B6B89E /* Frameworks */,
				A51B259A26E2E78D00B6B89E /* Resources */,
			);
			buildRules = (
			);
			dependencies = (
			);
			name = shooting;
			productName = shooting;
			productReference = A51B259C26E2E78D00B6B89E /* shooting.app */;
			productType = "com.apple.product-type.application";
		};
/* End PBXNativeTarget section */

/* Begin PBXProject section */
		A51B259426E2E78D00B6B89E /* Project object */ = {
			isa = PBXProject;
			attributes = {
				LastSwiftUpdateCheck = 1250;
				LastUpgradeCheck = 1250;
				TargetAttributes = {
					A51B259B26E2E78D00B6B89E = {
						CreatedOnToolsVersion = 12.5.1;
					};
				};
			};
			buildConfigurationList = A51B259726E2E78D00B6B89E /* Build configuration list for PBXProject "shooting" */;
			compatibilityVersion = "Xcode 9.3";
			developmentRegion = en;
			hasScannedForEncodings = 0;
			knownRegions = (
				en,
				Base,
			);
			mainGroup = A51B259326E2E78D00B6B89E;
			productRefGroup = A51B259D26E2E78D00B6B89E /* Products */;
			projectDirPath = "";
			projectRoot = "";
			targets = (
				A51B259B26E2E78D00B6B89E /* shooting */,
			);
		};
/* End PBXProject section */

/* Begin PBXResourcesBuildPhase section */
		A51B259A26E2E78D00B6B89E /* Resources */ = {
			isa = PBXResourcesBuildPhase;
			buildActionMask = 2147483647;
			files = (
				A51B25B926E2FB0800B6B89E /* gun.mp3 in Resources */,
				A5C08AF326E5B0E600FE8C80 /* reload.mp3 in Resources */,
				A51B25AB26E2E78D00B6B89E /* Main.storyboard in Resources */,
				A51B25B726E2EDA700B6B89E /* fire.sks in Resources */,
				A51B25A226E2E78D00B6B89E /* GameScene.sks in Resources */,
				A598D195270A61750014B732 /* gameOver.m4a in Resources */,
				A51B25AD26E2E78E00B6B89E /* Assets.xcassets in Resources */,
			);
			runOnlyForDeploymentPostprocessing = 0;
		};
/* End PBXResourcesBuildPhase section */

/* Begin PBXSourcesBuildPhase section */
		A51B259826E2E78D00B6B89E /* Sources */ = {
			isa = PBXSourcesBuildPhase;
			buildActionMask = 2147483647;
			files = (
				A51B25A626E2E78D00B6B89E /* GameScene.swift in Sources */,
				A51B25A826E2E78D00B6B89E /* GameViewController.swift in Sources */,
				A51B25B526E2EBBC00B6B89E /* Target.swift in Sources */,
				A51B25A026E2E78D00B6B89E /* AppDelegate.swift in Sources */,
			);
			runOnlyForDeploymentPostprocessing = 0;
		};
/* End PBXSourcesBuildPhase section */

/* Begin PBXVariantGroup section */
		A51B25A926E2E78D00B6B89E /* Main.storyboard */ = {
			isa = PBXVariantGroup;
			children = (
				A51B25AA26E2E78D00B6B89E /* Base */,
			);
			name = Main.storyboard;
			sourceTree = "<group>";
		};
/* End PBXVariantGroup section */

/* Begin XCBuildConfiguration section */
		A51B25AF26E2E78E00B6B89E /* Debug */ = {
			isa = XCBuildConfiguration;
			buildSettings = {
				ALWAYS_SEARCH_USER_PATHS = NO;
				CLANG_ANALYZER_NONNULL = YES;
				CLANG_ANALYZER_NUMBER_OBJECT_CONVERSION = YES_AGGRESSIVE;
				CLANG_CXX_LANGUAGE_STANDARD = "gnu++14";
				CLANG_CXX_LIBRARY = "libc++";
				CLANG_ENABLE_MODULES = YES;
				CLANG_ENABLE_OBJC_ARC = YES;
				CLANG_ENABLE_OBJC_WEAK = YES;
				CLANG_WARN_BLOCK_CAPTURE_AUTORELEASING = YES;
				CLANG_WARN_BOOL_CONVERSION = YES;
				CLANG_WARN_COMMA = YES;
				CLANG_WARN_CONSTANT_CONVERSION = YES;
				CLANG_WARN_DEPRECATED_OBJC_IMPLEMENTATIONS = YES;
				CLANG_WARN_DIRECT_OBJC_ISA_USAGE = YES_ERROR;
				CLANG_WARN_DOCUMENTATION_COMMENTS = YES;
				CLANG_WARN_EMPTY_BODY = YES;
				CLANG_WARN_ENUM_CONVERSION = YES;
				CLANG_WARN_INFINITE_RECURSION = YES;
				CLANG_WARN_INT_CONVERSION = YES;
				CLANG_WARN_NON_LITERAL_NULL_CONVERSION = YES;
				CLANG_WARN_OBJC_IMPLICIT_RETAIN_SELF = YES;
				CLANG_WARN_OBJC_LITERAL_CONVERSION = YES;
				CLANG_WARN_OBJC_ROOT_CLASS = YES_ERROR;
				CLANG_WARN_QUOTED_INCLUDE_IN_FRAMEWORK_HEADER = YES;
				CLANG_WARN_RANGE_LOOP_ANALYSIS = YES;
				CLANG_WARN_STRICT_PROTOTYPES = YES;
				CLANG_WARN_SUSPICIOUS_MOVE = YES;
				CLANG_WARN_UNGUARDED_AVAILABILITY = YES_AGGRESSIVE;
				CLANG_WARN_UNREACHABLE_CODE = YES;
				CLANG_WARN__DUPLICATE_METHOD_MATCH = YES;
				COPY_PHASE_STRIP = NO;
				DEBUG_INFORMATION_FORMAT = dwarf;
				ENABLE_STRICT_OBJC_MSGSEND = YES;
				ENABLE_TESTABILITY = YES;
				GCC_C_LANGUAGE_STANDARD = gnu11;
				GCC_DYNAMIC_NO_PIC = NO;
				GCC_NO_COMMON_BLOCKS = YES;
				GCC_OPTIMIZATION_LEVEL = 0;
				GCC_PREPROCESSOR_DEFINITIONS = (
					"DEBUG=1",
					"$(inherited)",
				);
				GCC_WARN_64_TO_32_BIT_CONVERSION = YES;
				GCC_WARN_ABOUT_RETURN_TYPE = YES_ERROR;
				GCC_WARN_UNDECLARED_SELECTOR = YES;
				GCC_WARN_UNINITIALIZED_AUTOS = YES_AGGRESSIVE;
				GCC_WARN_UNUSED_FUNCTION = YES;
				GCC_WARN_UNUSED_VARIABLE = YES;
				IPHONEOS_DEPLOYMENT_TARGET = 14.5;
				MTL_ENABLE_DEBUG_INFO = INCLUDE_SOURCE;
				MTL_FAST_MATH = YES;
				ONLY_ACTIVE_ARCH = YES;
				SDKROOT = iphoneos;
				SWIFT_ACTIVE_COMPILATION_CONDITIONS = DEBUG;
				SWIFT_OPTIMIZATION_LEVEL = "-Onone";
			};
			name = Debug;
		};
		A51B25B026E2E78E00B6B89E /* Release */ = {
			isa = XCBuildConfiguration;
			buildSettings = {
				ALWAYS_SEARCH_USER_PATHS = NO;
				CLANG_ANALYZER_NONNULL = YES;
				CLANG_ANALYZER_NUMBER_OBJECT_CONVERSION = YES_AGGRESSIVE;
				CLANG_CXX_LANGUAGE_STANDARD = "gnu++14";
				CLANG_CXX_LIBRARY = "libc++";
				CLANG_ENABLE_MODULES = YES;
				CLANG_ENABLE_OBJC_ARC = YES;
				CLANG_ENABLE_OBJC_WEAK = YES;
				CLANG_WARN_BLOCK_CAPTURE_AUTORELEASING = YES;
				CLANG_WARN_BOOL_CONVERSION = YES;
				CLANG_WARN_COMMA = YES;
				CLANG_WARN_CONSTANT_CONVERSION = YES;
				CLANG_WARN_DEPRECATED_OBJC_IMPLEMENTATIONS = YES;
				CLANG_WARN_DIRECT_OBJC_ISA_USAGE = YES_ERROR;
				CLANG_WARN_DOCUMENTATION_COMMENTS = YES;
				CLANG_WARN_EMPTY_BODY = YES;
				CLANG_WARN_ENUM_CONVERSION = YES;
				CLANG_WARN_INFINITE_RECURSION = YES;
				CLANG_WARN_INT_CONVERSION = YES;
				CLANG_WARN_NON_LITERAL_NULL_CONVERSION = YES;
				CLANG_WARN_OBJC_IMPLICIT_RETAIN_SELF = YES;
				CLANG_WARN_OBJC_LITERAL_CONVERSION = YES;
				CLANG_WARN_OBJC_ROOT_CLASS = YES_ERROR;
				CLANG_WARN_QUOTED_INCLUDE_IN_FRAMEWORK_HEADER = YES;
				CLANG_WARN_RANGE_LOOP_ANALYSIS = YES;
				CLANG_WARN_STRICT_PROTOTYPES = YES;
				CLANG_WARN_SUSPICIOUS_MOVE = YES;
				CLANG_WARN_UNGUARDED_AVAILABILITY = YES_AGGRESSIVE;
				CLANG_WARN_UNREACHABLE_CODE = YES;
				CLANG_WARN__DUPLICATE_METHOD_MATCH = YES;
				COPY_PHASE_STRIP = NO;
				DEBUG_INFORMATION_FORMAT = "dwarf-with-dsym";
				ENABLE_NS_ASSERTIONS = NO;
				ENABLE_STRICT_OBJC_MSGSEND = YES;
				GCC_C_LANGUAGE_STANDARD = gnu11;
				GCC_NO_COMMON_BLOCKS = YES;
				GCC_WARN_64_TO_32_BIT_CONVERSION = YES;
				GCC_WARN_ABOUT_RETURN_TYPE = YES_ERROR;
				GCC_WARN_UNDECLARED_SELECTOR = YES;
				GCC_WARN_UNINITIALIZED_AUTOS = YES_AGGRESSIVE;
				GCC_WARN_UNUSED_FUNCTION = YES;
				GCC_WARN_UNUSED_VARIABLE = YES;
				IPHONEOS_DEPLOYMENT_TARGET = 14.5;
				MTL_ENABLE_DEBUG_INFO = NO;
				MTL_FAST_MATH = YES;
				SDKROOT = iphoneos;
				SWIFT_COMPILATION_MODE = wholemodule;
				SWIFT_OPTIMIZATION_LEVEL = "-O";
				VALIDATE_PRODUCT = YES;
			};
			name = Release;
		};
		A51B25B226E2E78E00B6B89E /* Debug */ = {
			isa = XCBuildConfiguration;
			buildSettings = {
				ASSETCATALOG_COMPILER_APPICON_NAME = AppIcon;
				ASSETCATALOG_COMPILER_GLOBAL_ACCENT_COLOR_NAME = AccentColor;
				CODE_SIGN_STYLE = Automatic;
				DEVELOPMENT_TEAM = ZN7V6ZDU5M;
				INFOPLIST_FILE = shooting/Info.plist;
				LD_RUNPATH_SEARCH_PATHS = (
					"$(inherited)",
					"@executable_path/Frameworks",
				);
				PRODUCT_BUNDLE_IDENTIFIER = micheleCataniApps.shooting;
				PRODUCT_NAME = "$(TARGET_NAME)";
				SWIFT_VERSION = 5.0;
				TARGETED_DEVICE_FAMILY = 2;
			};
			name = Debug;
		};
		A51B25B326E2E78E00B6B89E /* Release */ = {
			isa = XCBuildConfiguration;
			buildSettings = {
				ASSETCATALOG_COMPILER_APPICON_NAME = AppIcon;
				ASSETCATALOG_COMPILER_GLOBAL_ACCENT_COLOR_NAME = AccentColor;
				CODE_SIGN_STYLE = Automatic;
				DEVELOPMENT_TEAM = ZN7V6ZDU5M;
				INFOPLIST_FILE = shooting/Info.plist;
				LD_RUNPATH_SEARCH_PATHS = (
					"$(inherited)",
					"@executable_path/Frameworks",
				);
				PRODUCT_BUNDLE_IDENTIFIER = micheleCataniApps.shooting;
				PRODUCT_NAME = "$(TARGET_NAME)";
				SWIFT_VERSION = 5.0;
				TARGETED_DEVICE_FAMILY = 2;
			};
			name = Release;
		};
/* End XCBuildConfiguration section */

/* Begin XCConfigurationList section */
		A51B259726E2E78D00B6B89E /* Build configuration list for PBXProject "shooting" */ = {
			isa = XCConfigurationList;
			buildConfigurations = (
				A51B25AF26E2E78E00B6B89E /* Debug */,
				A51B25B026E2E78E00B6B89E /* Release */,
			);
			defaultConfigurationIsVisible = 0;
			defaultConfigurationName = Release;
		};
		A51B25B126E2E78E00B6B89E /* Build configuration list for PBXNativeTarget "shooting" */ = {
			isa = XCConfigurationList;
			buildConfigurations = (
				A51B25B226E2E78E00B6B89E /* Debug */,
				A51B25B326E2E78E00B6B89E /* Release */,
			);
			defaultConfigurationIsVisible = 0;
			defaultConfigurationName = Release;
		};
/* End XCConfigurationList section */
	};
	rootObject = A51B259426E2E78D00B6B89E /* Project object */;
}
